
Microsoft Visual Studio Solution File, Format Version 12.00
# Visual Studio Version 17
VisualStudioVersion = 17.0.31903.59
MinimumVisualStudioVersion = 10.0.40219.1
Project("{2150E333-8FDC-42A3-9474-1A3956D46DE8}") = "src", "src", "{827E0CD3-B72D-47B6-A68D-7590B98EB39B}"
EndProject
Project("{FAE04EC0-301F-11D3-BF4B-00C04F79EFBC}") = "WpfMcpInspector", "src\WpfMcpInspector\WpfMcpInspector.csproj", "{1CDA2359-B4B7-421B-9267-00FD27EFAD43}"
EndProject
Project("{2150E333-8FDC-42A3-9474-1A3956D46DE8}") = "samples", "samples", "{5D20AA90-6969-D8BD-9DCD-8634F4692FDA}"
EndProject
Project("{FAE04EC0-301F-11D3-BF4B-00C04F79EFBC}") = "SimpleWpfApp", "samples\SimpleWpfApp\SimpleWpfApp.csproj", "{AC366D70-2686-4353-AD65-5C3BE3FE2BA9}"
EndProject
Global
	GlobalSection(SolutionConfigurationPlatforms) = preSolution
		Debug|Any CPU = Debug|Any CPU
		Debug|x64 = Debug|x64
		Debug|x86 = Debug|x86
		Release|Any CPU = Release|Any CPU
		Release|x64 = Release|x64
		Release|x86 = Release|x86
	EndGlobalSection
	GlobalSection(ProjectConfigurationPlatforms) = postSolution
		{1CDA2359-B4B7-421B-9267-00FD27EFAD43}.Debug|Any CPU.ActiveCfg = Debug|Any CPU
		{1CDA2359-B4B7-421B-9267-00FD27EFAD43}.Debug|Any CPU.Build.0 = Debug|Any CPU
		{1CDA2359-B4B7-421B-9267-00FD27EFAD43}.Debug|x64.ActiveCfg = Debug|Any CPU
		{1CDA2359-B4B7-421B-9267-00FD27EFAD43}.Debug|x64.Build.0 = Debug|Any CPU
		{1CDA2359-B4B7-421B-9267-00FD27EFAD43}.Debug|x86.ActiveCfg = Debug|Any CPU
		{1CDA2359-B4B7-421B-9267-00FD27EFAD43}.Debug|x86.Build.0 = Debug|Any CPU
		{1CDA2359-B4B7-421B-9267-00FD27EFAD43}.Release|Any CPU.ActiveCfg = Release|Any CPU
		{1CDA2359-B4B7-421B-9267-00FD27EFAD43}.Release|Any CPU.Build.0 = Release|Any CPU
		{1CDA2359-B4B7-421B-9267-00FD27EFAD43}.Release|x64.ActiveCfg = Release|Any CPU
		{1CDA2359-B4B7-421B-9267-00FD27EFAD43}.Release|x64.Build.0 = Release|Any CPU
		{1CDA2359-B4B7-421B-9267-00FD27EFAD43}.Release|x86.ActiveCfg = Release|Any CPU
		{1CDA2359-B4B7-421B-9267-00FD27EFAD43}.Release|x86.Build.0 = Release|Any CPU
		{AC366D70-2686-4353-AD65-5C3BE3FE2BA9}.Debug|Any CPU.ActiveCfg = Debug|Any CPU
		{AC366D70-2686-4353-AD65-5C3BE3FE2BA9}.Debug|Any CPU.Build.0 = Debug|Any CPU
		{AC366D70-2686-4353-AD65-5C3BE3FE2BA9}.Debug|x64.ActiveCfg = Debug|Any CPU
		{AC366D70-2686-4353-AD65-5C3BE3FE2BA9}.Debug|x64.Build.0 = Debug|Any CPU
		{AC366D70-2686-4353-AD65-5C3BE3FE2BA9}.Debug|x86.ActiveCfg = Debug|Any CPU
		{AC366D70-2686-4353-AD65-5C3BE3FE2BA9}.Debug|x86.Build.0 = Debug|Any CPU
		{AC366D70-2686-4353-AD65-5C3BE3FE2BA9}.Release|Any CPU.ActiveCfg = Release|Any CPU
		{AC366D70-2686-4353-AD65-5C3BE3FE2BA9}.Release|Any CPU.Build.0 = Release|Any CPU
		{AC366D70-2686-4353-AD65-5C3BE3FE2BA9}.Release|x64.ActiveCfg = Release|Any CPU
		{AC366D70-2686-4353-AD65-5C3BE3FE2BA9}.Release|x64.Build.0 = Release|Any CPU
		{AC366D70-2686-4353-AD65-5C3BE3FE2BA9}.Release|x86.ActiveCfg = Release|Any CPU
		{AC366D70-2686-4353-AD65-5C3BE3FE2BA9}.Release|x86.Build.0 = Release|Any CPU
	EndGlobalSection
	GlobalSection(SolutionProperties) = preSolution
		HideSolutionNode = FALSE
	EndGlobalSection
	GlobalSection(NestedProjects) = preSolution
		{1CDA2359-B4B7-421B-9267-00FD27EFAD43} = {827E0CD3-B72D-47B6-A68D-7590B98EB39B}
		{AC366D70-2686-4353-AD65-5C3BE3FE2BA9} = {5D20AA90-6969-D8BD-9DCD-8634F4692FDA}
	EndGlobalSection
EndGlobal
